<?xml version="1.0" encoding="utf-8"?>
<Project ToolsVersion="4.0" xmlns="http://schemas.microsoft.com/developer/msbuild/2003">
  <ItemGroup>
    <Filter Include="Commands">
      <UniqueIdentifier>{93995380-89BD-4b04-88EB-625FBE52EBFB}</UniqueIdentifier>
      <Extensions>h;hh;hpp;hxx;h++;hm;inl;inc;ipp;xsd</Extensions>
    </Filter>
    <Filter Include="Components">
      <UniqueIdentifier>{643bb300-d166-4772-8fec-3bd4796f76e6}</UniqueIdentifier>
    </Filter>
    <Filter Include="Level">
      <UniqueIdentifier>{9017a30b-d577-4053-bf2d-bc58955101f8}</UniqueIdentifier>
    </Filter>
    <Filter Include="Components\Food">
      <UniqueIdentifier>{3c800bc6-85a3-4c7b-b092-9ab81e6044f4}</UniqueIdentifier>
    </Filter>
    <Filter Include="Components\Old">
      <UniqueIdentifier>{1fcef0c9-3791-4e44-8c87-ad3ba8bbd515}</UniqueIdentifier>
    </Filter>
    <Filter Include="GameManager">
      <UniqueIdentifier>{182c5289-d4c7-48f4-a074-f76bd4ac637a}</UniqueIdentifier>
    </Filter>
    <Filter Include="Components\AnimationControllers">
      <UniqueIdentifier>{a233df35-b072-4fe7-b360-4ab2a9136bcd}</UniqueIdentifier>
    </Filter>
    <Filter Include="Components\Controllers">
      <UniqueIdentifier>{62ce2001-4562-4381-a622-43060ffe490f}</UniqueIdentifier>
    </Filter>
    <Filter Include="Components\Pepper">
      <UniqueIdentifier>{58cb474d-86f7-4ab3-b591-060a3dd5f354}</UniqueIdentifier>
    </Filter>
    <Filter Include="Components\Logic">
      <UniqueIdentifier>{42c06ba6-543a-44b3-985b-77e9afa8c555}</UniqueIdentifier>
    </Filter>
    <Filter Include="GameManager\GameStates">
      <UniqueIdentifier>{18b48e6b-e434-4e86-a3a3-4069da26dcdf}</UniqueIdentifier>
    </Filter>
    <Filter Include="Components\specials">
      <UniqueIdentifier>{9aa904b1-3581-4e86-990f-53ba4522fd6e}</UniqueIdentifier>
    </Filter>
    <Filter Include="Scoring">
      <UniqueIdentifier>{2a8fdfda-3972-4f23-abe0-3e9b6c88076c}</UniqueIdentifier>
    </Filter>
  </ItemGroup>
  <ItemGroup>
    <ClCompile Include="FPSCounter.cpp">
      <Filter>Components</Filter>
    </ClCompile>
    <ClCompile Include="MovementComponent.cpp">
      <Filter>Components</Filter>
    </ClCompile>
    <ClCompile Include="Main.cpp" />
    <ClCompile Include="Level.cpp">
      <Filter>Level</Filter>
    </ClCompile>
    <ClCompile Include="FoodParent.cpp">
      <Filter>Components\Food</Filter>
    </ClCompile>
    <ClCompile Include="ControlsDisplay.cpp">
      <Filter>Components\Old</Filter>
    </ClCompile>
    <ClCompile Include="DestroyComponent.cpp">
      <Filter>Components\Old</Filter>
    </ClCompile>
    <ClCompile Include="LivesDisplay.cpp">
      <Filter>Components\Old</Filter>
    </ClCompile>
    <ClCompile Include="PlayerLives.cpp">
      <Filter>Components\Old</Filter>
    </ClCompile>
    <ClCompile Include="PlayerPoints.cpp">
      <Filter>Components\Old</Filter>
    </ClCompile>
    <ClCompile Include="PointsDisplay.cpp">
      <Filter>Components\Old</Filter>
    </ClCompile>
    <ClCompile Include="RotateComponent.cpp">
      <Filter>Components\Old</Filter>
    </ClCompile>
    <ClCompile Include="TrashTheCacheComponent.cpp">
      <Filter>Components\Old</Filter>
    </ClCompile>
    <ClCompile Include="GameManager.cpp">
      <Filter>GameManager</Filter>
    </ClCompile>
    <ClCompile Include="ChefSpriteController.cpp">
      <Filter>Components\AnimationControllers</Filter>
    </ClCompile>
    <ClCompile Include="AIController.cpp">
      <Filter>Components\Controllers</Filter>
    </ClCompile>
    <ClCompile Include="MyPlayerController.cpp">
      <Filter>Components\Controllers</Filter>
    </ClCompile>
    <ClCompile Include="EnemyAIController.cpp">
      <Filter>Components\Controllers</Filter>
    </ClCompile>
    <ClCompile Include="ThrowPepperComponent.cpp">
      <Filter>Components\Pepper</Filter>
    </ClCompile>
    <ClCompile Include="LifeTimer.cpp">
      <Filter>Components</Filter>
    </ClCompile>
    <ClCompile Include="ChefPlayerController.cpp">
      <Filter>Components\Controllers</Filter>
    </ClCompile>
    <ClCompile Include="EnemyLogic.cpp">
      <Filter>Components\Logic</Filter>
    </ClCompile>
    <ClCompile Include="EnemySpriteController.cpp">
      <Filter>Components\AnimationControllers</Filter>
    </ClCompile>
    <ClCompile Include="HotdogSpriteController.cpp">
      <Filter>Components\AnimationControllers</Filter>
    </ClCompile>
    <ClCompile Include="PickleSpriteController.cpp">
      <Filter>Components\AnimationControllers</Filter>
    </ClCompile>
    <ClCompile Include="EggSpriteController.cpp">
      <Filter>Components\AnimationControllers</Filter>
    </ClCompile>
    <ClCompile Include="ChefLogic.cpp">
      <Filter>Components\Logic</Filter>
    </ClCompile>
    <ClCompile Include="StartMenuState.cpp">
      <Filter>GameManager\GameStates</Filter>
    </ClCompile>
    <ClCompile Include="GamePlayingState.cpp">
      <Filter>GameManager\GameStates</Filter>
    </ClCompile>
    <ClCompile Include="GamePausedState.cpp">
      <Filter>GameManager\GameStates</Filter>
    </ClCompile>
    <ClCompile Include="LeaderboardState.cpp">
      <Filter>GameManager\GameStates</Filter>
    </ClCompile>
    <ClCompile Include="EnemyPlayerController.cpp">
      <Filter>Components\Controllers</Filter>
    </ClCompile>
    <ClCompile Include="SpecialPickupLogic.cpp">
      <Filter>Components\specials</Filter>
    </ClCompile>
    <ClCompile Include="ScoreManager.cpp">
      <Filter>Scoring</Filter>
    </ClCompile>
    <ClCompile Include="AutoMoveComponent.cpp">
      <Filter>Components</Filter>
    </ClCompile>
    <ClCompile Include="NameInputBox.cpp">
      <Filter>Scoring</Filter>
    </ClCompile>
  </ItemGroup>
  <ItemGroup>
    <ClInclude Include="MoveCommands.h">
      <Filter>Commands</Filter>
    </ClInclude>
    <ClInclude Include="FPSCounter.h">
      <Filter>Components</Filter>
    </ClInclude>
    <ClInclude Include="MovementComponent.h">
      <Filter>Components</Filter>
    </ClInclude>
    <ClInclude Include="LevelParser.h">
      <Filter>Level</Filter>
    </ClInclude>
    <ClInclude Include="Level.h">
      <Filter>Level</Filter>
    </ClInclude>
    <ClInclude Include="FoodParent.h">
      <Filter>Components\Food</Filter>
    </ClInclude>
    <ClInclude Include="ControlsDisplay.h">
      <Filter>Components\Old</Filter>
    </ClInclude>
    <ClInclude Include="DestroyComponent.h">
      <Filter>Components\Old</Filter>
    </ClInclude>
    <ClInclude Include="LivesDisplay.h">
      <Filter>Components\Old</Filter>
    </ClInclude>
    <ClInclude Include="PlayerLives.h">
      <Filter>Components\Old</Filter>
    </ClInclude>
    <ClInclude Include="PlayerPoints.h">
      <Filter>Components\Old</Filter>
    </ClInclude>
    <ClInclude Include="PointsDisplay.h">
      <Filter>Components\Old</Filter>
    </ClInclude>
    <ClInclude Include="RotateComponent.h">
      <Filter>Components\Old</Filter>
    </ClInclude>
    <ClInclude Include="TrashTheCacheComponent.h">
      <Filter>Components\Old</Filter>
    </ClInclude>
    <ClInclude Include="GameState.h">
      <Filter>GameManager</Filter>
    </ClInclude>
    <ClInclude Include="GameManager.h">
      <Filter>GameManager</Filter>
    </ClInclude>
    <ClInclude Include="MenuCommands.h">
      <Filter>Commands</Filter>
    </ClInclude>
    <ClInclude Include="ChefSpriteController.h">
      <Filter>Components\AnimationControllers</Filter>
    </ClInclude>
    <ClInclude Include="AIController.h">
      <Filter>Components\Controllers</Filter>
    </ClInclude>
    <ClInclude Include="MyPlayerController.h">
      <Filter>Components\Controllers</Filter>
    </ClInclude>
    <ClInclude Include="EnemyAIController.h">
      <Filter>Components\Controllers</Filter>
    </ClInclude>
    <ClInclude Include="ThrowPepperComponent.h">
      <Filter>Components\Pepper</Filter>
    </ClInclude>
    <ClInclude Include="LifeTimer.h">
      <Filter>Components</Filter>
    </ClInclude>
    <ClInclude Include="ChefPlayerController.h">
      <Filter>Components\Controllers</Filter>
    </ClInclude>
    <ClInclude Include="ThrowPepperCommand.h">
      <Filter>Commands</Filter>
    </ClInclude>
    <ClInclude Include="EnemyLogic.h">
      <Filter>Components\Logic</Filter>
    </ClInclude>
    <ClInclude Include="EnemySpriteController.h">
      <Filter>Components\AnimationControllers</Filter>
    </ClInclude>
    <ClInclude Include="HotdogSpriteController.h">
      <Filter>Components\AnimationControllers</Filter>
    </ClInclude>
    <ClInclude Include="EggSpriteController.h">
      <Filter>Components\AnimationControllers</Filter>
    </ClInclude>
    <ClInclude Include="PickleSpriteController.h">
      <Filter>Components\AnimationControllers</Filter>
    </ClInclude>
    <ClInclude Include="ChefLogic.h">
      <Filter>Components\Logic</Filter>
    </ClInclude>
    <ClInclude Include="EventTypes.h" />
    <ClInclude Include="StartMenuState.h">
      <Filter>GameManager\GameStates</Filter>
    </ClInclude>
    <ClInclude Include="GamePlayingState.h">
      <Filter>GameManager\GameStates</Filter>
    </ClInclude>
    <ClInclude Include="GamePausedState.h">
      <Filter>GameManager\GameStates</Filter>
    </ClInclude>
    <ClInclude Include="LeaderboardState.h">
      <Filter>GameManager\GameStates</Filter>
    </ClInclude>
    <ClInclude Include="EnemyPlayerController.h">
      <Filter>Components\Controllers</Filter>
    </ClInclude>
    <ClInclude Include="SpecialPickupLogic.h">
      <Filter>Components\specials</Filter>
    </ClInclude>
    <ClInclude Include="ScoreManager.h">
      <Filter>Scoring</Filter>
    </ClInclude>
    <ClInclude Include="AutoMoveComponent.h">
      <Filter>Components</Filter>
    </ClInclude>
    <ClInclude Include="NameInputBox.h">
      <Filter>Scoring</Filter>
    </ClInclude>
    <ClInclude Include="LayersEnum.h" />
  </ItemGroup>
</Project>