<?xml version="1.0" encoding="utf-8"?>
<Project ToolsVersion="4.0" xmlns="http://schemas.microsoft.com/developer/msbuild/2003">
  <ItemGroup>
    <Filter Include="Commands">
      <UniqueIdentifier>{93995380-89BD-4b04-88EB-625FBE52EBFB}</UniqueIdentifier>
      <Extensions>h;hh;hpp;hxx;h++;hm;inl;inc;ipp;xsd</Extensions>
    </Filter>
    <Filter Include="Components">
      <UniqueIdentifier>{643bb300-d166-4772-8fec-3bd4796f76e6}</UniqueIdentifier>
    </Filter>
    <Filter Include="Level">
      <UniqueIdentifier>{9017a30b-d577-4053-bf2d-bc58955101f8}</UniqueIdentifier>
    </Filter>
    <Filter Include="Components\Food">
      <UniqueIdentifier>{3c800bc6-85a3-4c7b-b092-9ab81e6044f4}</UniqueIdentifier>
    </Filter>
    <Filter Include="Components\Old">
      <UniqueIdentifier>{1fcef0c9-3791-4e44-8c87-ad3ba8bbd515}</UniqueIdentifier>
    </Filter>
    <Filter Include="GameManager">
      <UniqueIdentifier>{182c5289-d4c7-48f4-a074-f76bd4ac637a}</UniqueIdentifier>
    </Filter>
  </ItemGroup>
  <ItemGroup>
    <ClCompile Include="FPSCounter.cpp">
      <Filter>Components</Filter>
    </ClCompile>
    <ClCompile Include="MovementComponent.cpp">
      <Filter>Components</Filter>
    </ClCompile>
    <ClCompile Include="MyPlayerController.cpp">
      <Filter>Components</Filter>
    </ClCompile>
    <ClCompile Include="Main.cpp" />
    <ClCompile Include="Level.cpp">
      <Filter>Level</Filter>
    </ClCompile>
    <ClCompile Include="FoodParent.cpp">
      <Filter>Components\Food</Filter>
    </ClCompile>
    <ClCompile Include="ControlsDisplay.cpp">
      <Filter>Components\Old</Filter>
    </ClCompile>
    <ClCompile Include="DestroyComponent.cpp">
      <Filter>Components\Old</Filter>
    </ClCompile>
    <ClCompile Include="LivesDisplay.cpp">
      <Filter>Components\Old</Filter>
    </ClCompile>
    <ClCompile Include="PlayerLives.cpp">
      <Filter>Components\Old</Filter>
    </ClCompile>
    <ClCompile Include="PlayerPoints.cpp">
      <Filter>Components\Old</Filter>
    </ClCompile>
    <ClCompile Include="PointsDisplay.cpp">
      <Filter>Components\Old</Filter>
    </ClCompile>
    <ClCompile Include="RotateComponent.cpp">
      <Filter>Components\Old</Filter>
    </ClCompile>
    <ClCompile Include="TrashTheCacheComponent.cpp">
      <Filter>Components\Old</Filter>
    </ClCompile>
    <ClCompile Include="FoodElement.cpp">
      <Filter>Components\Food</Filter>
    </ClCompile>
    <ClCompile Include="GameState.cpp">
      <Filter>GameManager</Filter>
    </ClCompile>
    <ClCompile Include="GameManager.cpp">
      <Filter>GameManager</Filter>
    </ClCompile>
  </ItemGroup>
  <ItemGroup>
    <ClInclude Include="DieCommand.h">
      <Filter>Commands</Filter>
    </ClInclude>
    <ClInclude Include="KilledEnemyCommand.h">
      <Filter>Commands</Filter>
    </ClInclude>
    <ClInclude Include="MoveCommands.h">
      <Filter>Commands</Filter>
    </ClInclude>
    <ClInclude Include="ResetLivesCommand.h">
      <Filter>Commands</Filter>
    </ClInclude>
    <ClInclude Include="SwitchCommand.h">
      <Filter>Commands</Filter>
    </ClInclude>
    <ClInclude Include="FPSCounter.h">
      <Filter>Components</Filter>
    </ClInclude>
    <ClInclude Include="MovementComponent.h">
      <Filter>Components</Filter>
    </ClInclude>
    <ClInclude Include="MyPlayerController.h">
      <Filter>Components</Filter>
    </ClInclude>
    <ClInclude Include="LevelParser.h">
      <Filter>Level</Filter>
    </ClInclude>
    <ClInclude Include="Level.h">
      <Filter>Level</Filter>
    </ClInclude>
    <ClInclude Include="FoodParent.h">
      <Filter>Components\Food</Filter>
    </ClInclude>
    <ClInclude Include="ControlsDisplay.h">
      <Filter>Components\Old</Filter>
    </ClInclude>
    <ClInclude Include="DestroyComponent.h">
      <Filter>Components\Old</Filter>
    </ClInclude>
    <ClInclude Include="LivesDisplay.h">
      <Filter>Components\Old</Filter>
    </ClInclude>
    <ClInclude Include="PlayerLives.h">
      <Filter>Components\Old</Filter>
    </ClInclude>
    <ClInclude Include="PlayerPoints.h">
      <Filter>Components\Old</Filter>
    </ClInclude>
    <ClInclude Include="PointsDisplay.h">
      <Filter>Components\Old</Filter>
    </ClInclude>
    <ClInclude Include="RotateComponent.h">
      <Filter>Components\Old</Filter>
    </ClInclude>
    <ClInclude Include="TrashTheCacheComponent.h">
      <Filter>Components\Old</Filter>
    </ClInclude>
    <ClInclude Include="FoodElement.h">
      <Filter>Components\Food</Filter>
    </ClInclude>
    <ClInclude Include="GameState.h">
      <Filter>GameManager</Filter>
    </ClInclude>
    <ClInclude Include="GameManager.h">
      <Filter>GameManager</Filter>
    </ClInclude>
    <ClInclude Include="MenuCommands.h">
      <Filter>Commands</Filter>
    </ClInclude>
  </ItemGroup>
</Project>