<?xml version="1.0" encoding="utf-8"?>
<Project ToolsVersion="4.0" xmlns="http://schemas.microsoft.com/developer/msbuild/2003">
  <ItemGroup>
    <Filter Include="Commands">
      <UniqueIdentifier>{93995380-89BD-4b04-88EB-625FBE52EBFB}</UniqueIdentifier>
      <Extensions>h;hh;hpp;hxx;h++;hm;inl;inc;ipp;xsd</Extensions>
    </Filter>
    <Filter Include="Components">
      <UniqueIdentifier>{643bb300-d166-4772-8fec-3bd4796f76e6}</UniqueIdentifier>
    </Filter>
    <Filter Include="Level">
      <UniqueIdentifier>{9017a30b-d577-4053-bf2d-bc58955101f8}</UniqueIdentifier>
    </Filter>
  </ItemGroup>
  <ItemGroup>
    <ClCompile Include="ControlsDisplay.cpp">
      <Filter>Components</Filter>
    </ClCompile>
    <ClCompile Include="DestroyComponent.cpp">
      <Filter>Components</Filter>
    </ClCompile>
    <ClCompile Include="FPSCounter.cpp">
      <Filter>Components</Filter>
    </ClCompile>
    <ClCompile Include="LivesDisplay.cpp">
      <Filter>Components</Filter>
    </ClCompile>
    <ClCompile Include="MovementComponent.cpp">
      <Filter>Components</Filter>
    </ClCompile>
    <ClCompile Include="MyPlayerController.cpp">
      <Filter>Components</Filter>
    </ClCompile>
    <ClCompile Include="PlayerLives.cpp">
      <Filter>Components</Filter>
    </ClCompile>
    <ClCompile Include="PlayerPoints.cpp">
      <Filter>Components</Filter>
    </ClCompile>
    <ClCompile Include="PointsDisplay.cpp">
      <Filter>Components</Filter>
    </ClCompile>
    <ClCompile Include="RotateComponent.cpp">
      <Filter>Components</Filter>
    </ClCompile>
    <ClCompile Include="TrashTheCacheComponent.cpp">
      <Filter>Components</Filter>
    </ClCompile>
    <ClCompile Include="Main.cpp" />
    <ClCompile Include="FoodItem.cpp">
      <Filter>Components</Filter>
    </ClCompile>
    <ClCompile Include="FoodItemPart.cpp">
      <Filter>Components</Filter>
    </ClCompile>
  </ItemGroup>
  <ItemGroup>
    <ClInclude Include="DieCommand.h">
      <Filter>Commands</Filter>
    </ClInclude>
    <ClInclude Include="KilledEnemyCommand.h">
      <Filter>Commands</Filter>
    </ClInclude>
    <ClInclude Include="MoveCommands.h">
      <Filter>Commands</Filter>
    </ClInclude>
    <ClInclude Include="ResetLivesCommand.h">
      <Filter>Commands</Filter>
    </ClInclude>
    <ClInclude Include="SwitchCommand.h">
      <Filter>Commands</Filter>
    </ClInclude>
    <ClInclude Include="ControlsDisplay.h">
      <Filter>Components</Filter>
    </ClInclude>
    <ClInclude Include="DestroyComponent.h">
      <Filter>Components</Filter>
    </ClInclude>
    <ClInclude Include="FPSCounter.h">
      <Filter>Components</Filter>
    </ClInclude>
    <ClInclude Include="LivesDisplay.h">
      <Filter>Components</Filter>
    </ClInclude>
    <ClInclude Include="MovementComponent.h">
      <Filter>Components</Filter>
    </ClInclude>
    <ClInclude Include="MyPlayerController.h">
      <Filter>Components</Filter>
    </ClInclude>
    <ClInclude Include="PlayerLives.h">
      <Filter>Components</Filter>
    </ClInclude>
    <ClInclude Include="PlayerPoints.h">
      <Filter>Components</Filter>
    </ClInclude>
    <ClInclude Include="PointsDisplay.h">
      <Filter>Components</Filter>
    </ClInclude>
    <ClInclude Include="RotateComponent.h">
      <Filter>Components</Filter>
    </ClInclude>
    <ClInclude Include="TrashTheCacheComponent.h">
      <Filter>Components</Filter>
    </ClInclude>
    <ClInclude Include="FoodItem.h">
      <Filter>Components</Filter>
    </ClInclude>
    <ClInclude Include="FoodItemPart.h">
      <Filter>Components</Filter>
    </ClInclude>
    <ClInclude Include="LevelParser.h">
      <Filter>Level</Filter>
    </ClInclude>
    <ClInclude Include="LevelBuilder.h">
      <Filter>Level</Filter>
    </ClInclude>
  </ItemGroup>
</Project>