<?xml version="1.0" encoding="utf-8"?>
<Project ToolsVersion="4.0" xmlns="http://schemas.microsoft.com/developer/msbuild/2003">
  <ItemGroup>
    <ClCompile Include="Font.cpp">
      <Filter>Engine</Filter>
    </ClCompile>
    <ClCompile Include="GameEngine.cpp">
      <Filter>Engine</Filter>
    </ClCompile>
    <ClCompile Include="GameObject.cpp">
      <Filter>Engine</Filter>
    </ClCompile>
    <ClCompile Include="Scene.cpp">
      <Filter>Engine</Filter>
    </ClCompile>
    <ClCompile Include="Texture2D.cpp">
      <Filter>Engine</Filter>
    </ClCompile>
    <ClCompile Include="Transform.cpp">
      <Filter>Engine</Filter>
    </ClCompile>
    <ClCompile Include="BaseComponent.cpp">
      <Filter>Engine\Components</Filter>
    </ClCompile>
    <ClCompile Include="TextureRenderComponent.cpp">
      <Filter>Engine\Components</Filter>
    </ClCompile>
    <ClCompile Include="TextRenderComponent.cpp">
      <Filter>Engine\Components</Filter>
    </ClCompile>
    <ClCompile Include="TimeManager.cpp">
      <Filter>Engine\Singletons</Filter>
    </ClCompile>
    <ClCompile Include="SceneManager.cpp">
      <Filter>Engine\Singletons</Filter>
    </ClCompile>
    <ClCompile Include="ResourceManager.cpp">
      <Filter>Engine\Singletons</Filter>
    </ClCompile>
    <ClCompile Include="Renderer.cpp">
      <Filter>Engine\Singletons</Filter>
    </ClCompile>
    <ClCompile Include="..\3rdParty\imgui\backends\imgui_impl_opengl2.cpp">
      <Filter>imgui</Filter>
    </ClCompile>
    <ClCompile Include="..\3rdParty\imgui\backends\imgui_impl_sdl2.cpp">
      <Filter>imgui</Filter>
    </ClCompile>
    <ClCompile Include="..\3rdParty\imgui\imgui.cpp">
      <Filter>imgui</Filter>
    </ClCompile>
    <ClCompile Include="..\3rdParty\imgui\imgui_demo.cpp">
      <Filter>imgui</Filter>
    </ClCompile>
    <ClCompile Include="..\3rdParty\imgui\imgui_draw.cpp">
      <Filter>imgui</Filter>
    </ClCompile>
    <ClCompile Include="..\3rdParty\imgui\imgui_tables.cpp">
      <Filter>imgui</Filter>
    </ClCompile>
    <ClCompile Include="..\3rdParty\imgui\imgui_widgets.cpp">
      <Filter>imgui</Filter>
    </ClCompile>
    <ClCompile Include="RenderComponent.cpp">
      <Filter>Engine\Components</Filter>
    </ClCompile>
    <ClCompile Include="..\3rdParty\imgui\implot.cpp">
      <Filter>imgui</Filter>
    </ClCompile>
    <ClCompile Include="..\3rdParty\imgui\implot_demo.cpp">
      <Filter>imgui</Filter>
    </ClCompile>
    <ClCompile Include="..\3rdParty\imgui\implot_items.cpp">
      <Filter>imgui</Filter>
    </ClCompile>
    <ClCompile Include="UIRenderComponent.cpp">
      <Filter>Engine\Components</Filter>
    </ClCompile>
    <ClCompile Include="InputManager.cpp">
      <Filter>Engine\Input</Filter>
    </ClCompile>
    <ClCompile Include="InputController.cpp">
      <Filter>Engine\Input</Filter>
    </ClCompile>
    <ClCompile Include="PlayerController.cpp">
      <Filter>Engine\Components</Filter>
    </ClCompile>
    <ClCompile Include="Observer.cpp">
      <Filter>Engine\Observer</Filter>
    </ClCompile>
    <ClCompile Include="Event.cpp">
      <Filter>Engine\Observer</Filter>
    </ClCompile>
    <ClCompile Include="BoxCollider.cpp">
      <Filter>Engine\Collisions</Filter>
    </ClCompile>
    <ClCompile Include="Collider.cpp">
      <Filter>Engine\Collisions</Filter>
    </ClCompile>
    <ClCompile Include="CollisionManager.cpp">
      <Filter>Engine\Collisions</Filter>
    </ClCompile>
    <ClCompile Include="ColliderDebugRenderComponent.cpp">
      <Filter>Engine\Collisions</Filter>
    </ClCompile>
    <ClCompile Include="CameraComponent.cpp">
      <Filter>Engine\Components</Filter>
    </ClCompile>
    <ClCompile Include="ServiceLocator.cpp">
      <Filter>Engine\Services</Filter>
    </ClCompile>
    <ClCompile Include="ConsoleLogger.cpp">
      <Filter>Engine\Services\Logger</Filter>
    </ClCompile>
    <ClCompile Include="Logger.cpp">
      <Filter>Engine\Services\Logger</Filter>
    </ClCompile>
    <ClCompile Include="FileLogger.cpp">
      <Filter>Engine\Services\Logger</Filter>
    </ClCompile>
    <ClCompile Include="SoundSystem.cpp">
      <Filter>Engine\Services\SoundSystem</Filter>
    </ClCompile>
    <ClCompile Include="SDLSoundSystem.cpp">
      <Filter>Engine\Services\SoundSystem</Filter>
    </ClCompile>
    <ClCompile Include="SDLSoundClip.cpp">
      <Filter>Engine\Services\SoundSystem</Filter>
    </ClCompile>
    <ClCompile Include="SoundClip.cpp">
      <Filter>Engine\Services\SoundSystem</Filter>
    </ClCompile>
    <ClCompile Include="Sprite.cpp">
      <Filter>Engine\Sprites</Filter>
    </ClCompile>
    <ClCompile Include="SpriteStateMachineComponent.cpp">
      <Filter>Engine\Sprites</Filter>
    </ClCompile>
    <ClCompile Include="SpriteState.cpp">
      <Filter>Engine\Sprites</Filter>
    </ClCompile>
    <ClCompile Include="SpriteRenderComponent.cpp">
      <Filter>Engine\Sprites</Filter>
    </ClCompile>
    <ClCompile Include="LoggingSoundSystem.cpp">
      <Filter>Engine\Services\SoundSystem</Filter>
    </ClCompile>
  </ItemGroup>
  <ItemGroup>
    <ClInclude Include="Font.h">
      <Filter>Engine</Filter>
    </ClInclude>
    <ClInclude Include="GameEngine.h">
      <Filter>Engine</Filter>
    </ClInclude>
    <ClInclude Include="GameObject.h">
      <Filter>Engine</Filter>
    </ClInclude>
    <ClInclude Include="Scene.h">
      <Filter>Engine</Filter>
    </ClInclude>
    <ClInclude Include="Texture2D.h">
      <Filter>Engine</Filter>
    </ClInclude>
    <ClInclude Include="Transform.h">
      <Filter>Engine</Filter>
    </ClInclude>
    <ClInclude Include="BaseComponent.h">
      <Filter>Engine\Components</Filter>
    </ClInclude>
    <ClInclude Include="TextureRenderComponent.h">
      <Filter>Engine\Components</Filter>
    </ClInclude>
    <ClInclude Include="TextRenderComponent.h">
      <Filter>Engine\Components</Filter>
    </ClInclude>
    <ClInclude Include="TimeManager.h">
      <Filter>Engine\Singletons</Filter>
    </ClInclude>
    <ClInclude Include="Singleton.h">
      <Filter>Engine\Singletons</Filter>
    </ClInclude>
    <ClInclude Include="SceneManager.h">
      <Filter>Engine\Singletons</Filter>
    </ClInclude>
    <ClInclude Include="ResourceManager.h">
      <Filter>Engine\Singletons</Filter>
    </ClInclude>
    <ClInclude Include="Renderer.h">
      <Filter>Engine\Singletons</Filter>
    </ClInclude>
    <ClInclude Include="..\3rdParty\imgui\backends\imgui_impl_opengl2.h">
      <Filter>imgui</Filter>
    </ClInclude>
    <ClInclude Include="..\3rdParty\imgui\backends\imgui_impl_sdl2.h">
      <Filter>imgui</Filter>
    </ClInclude>
    <ClInclude Include="..\3rdParty\imgui\imconfig.h">
      <Filter>imgui</Filter>
    </ClInclude>
    <ClInclude Include="..\3rdParty\imgui\imgui.h">
      <Filter>imgui</Filter>
    </ClInclude>
    <ClInclude Include="..\3rdParty\imgui\imgui_internal.h">
      <Filter>imgui</Filter>
    </ClInclude>
    <ClInclude Include="..\3rdParty\imgui\imstb_rectpack.h">
      <Filter>imgui</Filter>
    </ClInclude>
    <ClInclude Include="..\3rdParty\imgui\imstb_textedit.h">
      <Filter>imgui</Filter>
    </ClInclude>
    <ClInclude Include="..\3rdParty\imgui\imstb_truetype.h">
      <Filter>imgui</Filter>
    </ClInclude>
    <ClInclude Include="RenderComponent.h">
      <Filter>Engine\Components</Filter>
    </ClInclude>
    <ClInclude Include="..\3rdParty\imgui\implot.h">
      <Filter>imgui</Filter>
    </ClInclude>
    <ClInclude Include="..\3rdParty\imgui\implot_internal.h">
      <Filter>imgui</Filter>
    </ClInclude>
    <ClInclude Include="UIRenderComponent.h">
      <Filter>Engine\Components</Filter>
    </ClInclude>
    <ClInclude Include="BaseCommand.h">
      <Filter>Engine\Input</Filter>
    </ClInclude>
    <ClInclude Include="InputManager.h">
      <Filter>Engine\Input</Filter>
    </ClInclude>
    <ClInclude Include="InputController.h">
      <Filter>Engine\Input</Filter>
    </ClInclude>
    <ClInclude Include="PlayerController.h">
      <Filter>Engine\Components</Filter>
    </ClInclude>
    <ClInclude Include="BaseAxisCommand.h">
      <Filter>Engine\Input</Filter>
    </ClInclude>
    <ClInclude Include="Observer.h">
      <Filter>Engine\Observer</Filter>
    </ClInclude>
    <ClInclude Include="Event.h">
      <Filter>Engine\Observer</Filter>
    </ClInclude>
    <ClInclude Include="Structs.h">
      <Filter>Engine\Utility</Filter>
    </ClInclude>
    <ClInclude Include="BoxCollider.h">
      <Filter>Engine\Collisions</Filter>
    </ClInclude>
    <ClInclude Include="Collider.h">
      <Filter>Engine\Collisions</Filter>
    </ClInclude>
    <ClInclude Include="CollisionManager.h">
      <Filter>Engine\Collisions</Filter>
    </ClInclude>
    <ClInclude Include="ColliderDebugRenderComponent.h">
      <Filter>Engine\Collisions</Filter>
    </ClInclude>
    <ClInclude Include="CameraComponent.h">
      <Filter>Engine\Components</Filter>
    </ClInclude>
    <ClInclude Include="ServiceLocator.h">
      <Filter>Engine\Services</Filter>
    </ClInclude>
    <ClInclude Include="ConsoleLogger.h">
      <Filter>Engine\Services\Logger</Filter>
    </ClInclude>
    <ClInclude Include="Logger.h">
      <Filter>Engine\Services\Logger</Filter>
    </ClInclude>
    <ClInclude Include="NullLogger.h">
      <Filter>Engine\Services\Logger</Filter>
    </ClInclude>
    <ClInclude Include="FileLogger.h">
      <Filter>Engine\Services\Logger</Filter>
    </ClInclude>
    <ClInclude Include="SoundSystem.h">
      <Filter>Engine\Services\SoundSystem</Filter>
    </ClInclude>
    <ClInclude Include="SDLSoundSystem.h">
      <Filter>Engine\Services\SoundSystem</Filter>
    </ClInclude>
    <ClInclude Include="SDLSoundClip.h">
      <Filter>Engine\Services\SoundSystem</Filter>
    </ClInclude>
    <ClInclude Include="SoundClip.h">
      <Filter>Engine\Services\SoundSystem</Filter>
    </ClInclude>
    <ClInclude Include="NullSoundSystem.h">
      <Filter>Engine\Services\SoundSystem</Filter>
    </ClInclude>
    <ClInclude Include="Sprite.h">
      <Filter>Engine\Sprites</Filter>
    </ClInclude>
    <ClInclude Include="SpriteStateMachineComponent.h">
      <Filter>Engine\Sprites</Filter>
    </ClInclude>
    <ClInclude Include="SpriteState.h">
      <Filter>Engine\Sprites</Filter>
    </ClInclude>
    <ClInclude Include="SpriteRenderComponent.h">
      <Filter>Engine\Sprites</Filter>
    </ClInclude>
    <ClInclude Include="LoggingSoundSystem.h">
      <Filter>Engine\Services\SoundSystem</Filter>
    </ClInclude>
  </ItemGroup>
  <ItemGroup>
    <Filter Include="Engine">
      <UniqueIdentifier>{37b107d8-5b5a-4207-88ad-0be3311b784c}</UniqueIdentifier>
    </Filter>
    <Filter Include="Engine\Components">
      <UniqueIdentifier>{fc3ce4ca-7a05-4a4c-83eb-27a5b41fd626}</UniqueIdentifier>
    </Filter>
    <Filter Include="Engine\Singletons">
      <UniqueIdentifier>{2620f2e7-360e-465f-b8ae-52c58b3c50e0}</UniqueIdentifier>
    </Filter>
    <Filter Include="imgui">
      <UniqueIdentifier>{a16c45c2-20b4-482a-ac96-414788a9bb2b}</UniqueIdentifier>
    </Filter>
    <Filter Include="Engine\Input">
      <UniqueIdentifier>{87c6afe9-a13a-4f0b-ae83-2e2531cdc68a}</UniqueIdentifier>
    </Filter>
    <Filter Include="Engine\Observer">
      <UniqueIdentifier>{31af50d0-a07c-4657-8ad2-fb0d849c9d4f}</UniqueIdentifier>
    </Filter>
    <Filter Include="Engine\Utility">
      <UniqueIdentifier>{aaeaed58-47fc-49cc-afc5-37be08da4ff3}</UniqueIdentifier>
    </Filter>
    <Filter Include="Engine\Collisions">
      <UniqueIdentifier>{ec1fd8ce-86a2-4306-8d31-fdd6bc990e8c}</UniqueIdentifier>
    </Filter>
    <Filter Include="Engine\Services">
      <UniqueIdentifier>{fe80e821-2e3e-42ef-8c08-8caaaa4cfca7}</UniqueIdentifier>
    </Filter>
    <Filter Include="Engine\Services\Logger">
      <UniqueIdentifier>{eb922d2b-926e-4895-af4a-3e23e3786f3c}</UniqueIdentifier>
    </Filter>
    <Filter Include="Engine\Services\SoundSystem">
      <UniqueIdentifier>{5121e7ed-2a89-49d8-ae2a-ddb9ceb4f9c4}</UniqueIdentifier>
    </Filter>
    <Filter Include="Engine\Sprites">
      <UniqueIdentifier>{fe74e78f-e83f-4f1b-9e16-368718186239}</UniqueIdentifier>
    </Filter>
  </ItemGroup>
</Project>