<?xml version="1.0" encoding="utf-8"?>
<Project ToolsVersion="4.0" xmlns="http://schemas.microsoft.com/developer/msbuild/2003">
  <ItemGroup>
    <ClCompile Include="Font.cpp">
      <Filter>Engine</Filter>
    </ClCompile>
    <ClCompile Include="GameEngine.cpp">
      <Filter>Engine</Filter>
    </ClCompile>
    <ClCompile Include="GameObject.cpp">
      <Filter>Engine</Filter>
    </ClCompile>
    <ClCompile Include="Main.cpp">
      <Filter>Engine</Filter>
    </ClCompile>
    <ClCompile Include="Scene.cpp">
      <Filter>Engine</Filter>
    </ClCompile>
    <ClCompile Include="Texture2D.cpp">
      <Filter>Engine</Filter>
    </ClCompile>
    <ClCompile Include="Transform.cpp">
      <Filter>Engine</Filter>
    </ClCompile>
    <ClCompile Include="FPSCounter.cpp">
      <Filter>CustomComponents</Filter>
    </ClCompile>
    <ClCompile Include="BaseComponent.cpp">
      <Filter>Engine\Components</Filter>
    </ClCompile>
    <ClCompile Include="TextureRenderComponent.cpp">
      <Filter>Engine\Components</Filter>
    </ClCompile>
    <ClCompile Include="TextRenderComponent.cpp">
      <Filter>Engine\Components</Filter>
    </ClCompile>
    <ClCompile Include="Time.cpp">
      <Filter>Engine\Singletons</Filter>
    </ClCompile>
    <ClCompile Include="SceneManager.cpp">
      <Filter>Engine\Singletons</Filter>
    </ClCompile>
    <ClCompile Include="ResourceManager.cpp">
      <Filter>Engine\Singletons</Filter>
    </ClCompile>
    <ClCompile Include="Renderer.cpp">
      <Filter>Engine\Singletons</Filter>
    </ClCompile>
    <ClCompile Include="RotateComponent.cpp">
      <Filter>CustomComponents</Filter>
    </ClCompile>
    <ClCompile Include="DestroyComponent.cpp">
      <Filter>CustomComponents</Filter>
    </ClCompile>
    <ClCompile Include="..\3rdParty\imgui\backends\imgui_impl_opengl2.cpp">
      <Filter>imgui</Filter>
    </ClCompile>
    <ClCompile Include="..\3rdParty\imgui\backends\imgui_impl_sdl2.cpp">
      <Filter>imgui</Filter>
    </ClCompile>
    <ClCompile Include="..\3rdParty\imgui\imgui.cpp">
      <Filter>imgui</Filter>
    </ClCompile>
    <ClCompile Include="..\3rdParty\imgui\imgui_demo.cpp">
      <Filter>imgui</Filter>
    </ClCompile>
    <ClCompile Include="..\3rdParty\imgui\imgui_draw.cpp">
      <Filter>imgui</Filter>
    </ClCompile>
    <ClCompile Include="..\3rdParty\imgui\imgui_tables.cpp">
      <Filter>imgui</Filter>
    </ClCompile>
    <ClCompile Include="..\3rdParty\imgui\imgui_widgets.cpp">
      <Filter>imgui</Filter>
    </ClCompile>
    <ClCompile Include="TrashTheCacheComponent.cpp">
      <Filter>CustomComponents</Filter>
    </ClCompile>
    <ClCompile Include="RenderComponent.cpp">
      <Filter>Engine\Components</Filter>
    </ClCompile>
    <ClCompile Include="..\3rdParty\imgui\implot.cpp">
      <Filter>imgui</Filter>
    </ClCompile>
    <ClCompile Include="..\3rdParty\imgui\implot_demo.cpp">
      <Filter>imgui</Filter>
    </ClCompile>
    <ClCompile Include="..\3rdParty\imgui\implot_items.cpp">
      <Filter>imgui</Filter>
    </ClCompile>
    <ClCompile Include="UIRenderComponent.cpp">
      <Filter>Engine\Components</Filter>
    </ClCompile>
    <ClCompile Include="MovementComponent.cpp">
      <Filter>CustomComponents</Filter>
    </ClCompile>
    <ClCompile Include="InputManager.cpp">
      <Filter>Engine\Input</Filter>
    </ClCompile>
    <ClCompile Include="InputController.cpp">
      <Filter>Engine\Input</Filter>
    </ClCompile>
    <ClCompile Include="PlayerController.cpp">
      <Filter>Engine\Components</Filter>
    </ClCompile>
    <ClCompile Include="PlayerMovementController.cpp">
      <Filter>CustomComponents</Filter>
    </ClCompile>
  </ItemGroup>
  <ItemGroup>
    <ClInclude Include="Font.h">
      <Filter>Engine</Filter>
    </ClInclude>
    <ClInclude Include="GameEngine.h">
      <Filter>Engine</Filter>
    </ClInclude>
    <ClInclude Include="GameObject.h">
      <Filter>Engine</Filter>
    </ClInclude>
    <ClInclude Include="Scene.h">
      <Filter>Engine</Filter>
    </ClInclude>
    <ClInclude Include="Texture2D.h">
      <Filter>Engine</Filter>
    </ClInclude>
    <ClInclude Include="Transform.h">
      <Filter>Engine</Filter>
    </ClInclude>
    <ClInclude Include="FPSCounter.h">
      <Filter>CustomComponents</Filter>
    </ClInclude>
    <ClInclude Include="BaseComponent.h">
      <Filter>Engine\Components</Filter>
    </ClInclude>
    <ClInclude Include="TextureRenderComponent.h">
      <Filter>Engine\Components</Filter>
    </ClInclude>
    <ClInclude Include="TextRenderComponent.h">
      <Filter>Engine\Components</Filter>
    </ClInclude>
    <ClInclude Include="Time.h">
      <Filter>Engine\Singletons</Filter>
    </ClInclude>
    <ClInclude Include="Singleton.h">
      <Filter>Engine\Singletons</Filter>
    </ClInclude>
    <ClInclude Include="SceneManager.h">
      <Filter>Engine\Singletons</Filter>
    </ClInclude>
    <ClInclude Include="ResourceManager.h">
      <Filter>Engine\Singletons</Filter>
    </ClInclude>
    <ClInclude Include="Renderer.h">
      <Filter>Engine\Singletons</Filter>
    </ClInclude>
    <ClInclude Include="RotateComponent.h">
      <Filter>CustomComponents</Filter>
    </ClInclude>
    <ClInclude Include="DestroyComponent.h">
      <Filter>CustomComponents</Filter>
    </ClInclude>
    <ClInclude Include="..\3rdParty\imgui\backends\imgui_impl_opengl2.h">
      <Filter>imgui</Filter>
    </ClInclude>
    <ClInclude Include="..\3rdParty\imgui\backends\imgui_impl_sdl2.h">
      <Filter>imgui</Filter>
    </ClInclude>
    <ClInclude Include="..\3rdParty\imgui\imconfig.h">
      <Filter>imgui</Filter>
    </ClInclude>
    <ClInclude Include="..\3rdParty\imgui\imgui.h">
      <Filter>imgui</Filter>
    </ClInclude>
    <ClInclude Include="..\3rdParty\imgui\imgui_internal.h">
      <Filter>imgui</Filter>
    </ClInclude>
    <ClInclude Include="..\3rdParty\imgui\imstb_rectpack.h">
      <Filter>imgui</Filter>
    </ClInclude>
    <ClInclude Include="..\3rdParty\imgui\imstb_textedit.h">
      <Filter>imgui</Filter>
    </ClInclude>
    <ClInclude Include="..\3rdParty\imgui\imstb_truetype.h">
      <Filter>imgui</Filter>
    </ClInclude>
    <ClInclude Include="TrashTheCacheComponent.h">
      <Filter>CustomComponents</Filter>
    </ClInclude>
    <ClInclude Include="RenderComponent.h">
      <Filter>Engine\Components</Filter>
    </ClInclude>
    <ClInclude Include="..\3rdParty\imgui\implot.h">
      <Filter>imgui</Filter>
    </ClInclude>
    <ClInclude Include="..\3rdParty\imgui\implot_internal.h">
      <Filter>imgui</Filter>
    </ClInclude>
    <ClInclude Include="UIRenderComponent.h">
      <Filter>Engine\Components</Filter>
    </ClInclude>
    <ClInclude Include="MovementComponent.h">
      <Filter>CustomComponents</Filter>
    </ClInclude>
    <ClInclude Include="BaseButtonCommand.h">
      <Filter>Engine\Input</Filter>
    </ClInclude>
    <ClInclude Include="InputManager.h">
      <Filter>Engine\Input</Filter>
    </ClInclude>
    <ClInclude Include="MoveCommands.h">
      <Filter>CustomCommands</Filter>
    </ClInclude>
    <ClInclude Include="InputController.h">
      <Filter>Engine\Input</Filter>
    </ClInclude>
    <ClInclude Include="PlayerController.h">
      <Filter>Engine\Components</Filter>
    </ClInclude>
    <ClInclude Include="PlayerMovementController.h">
      <Filter>CustomComponents</Filter>
    </ClInclude>
    <ClInclude Include="SwitchCommand.h">
      <Filter>CustomCommands</Filter>
    </ClInclude>
    <ClInclude Include="BaseAxisCommand.h">
      <Filter>Engine\Input</Filter>
    </ClInclude>
  </ItemGroup>
  <ItemGroup>
    <Filter Include="Engine">
      <UniqueIdentifier>{37b107d8-5b5a-4207-88ad-0be3311b784c}</UniqueIdentifier>
    </Filter>
    <Filter Include="CustomComponents">
      <UniqueIdentifier>{6aabea10-7cc4-413c-b120-afdfce10e67c}</UniqueIdentifier>
    </Filter>
    <Filter Include="Engine\Components">
      <UniqueIdentifier>{fc3ce4ca-7a05-4a4c-83eb-27a5b41fd626}</UniqueIdentifier>
    </Filter>
    <Filter Include="Engine\Singletons">
      <UniqueIdentifier>{2620f2e7-360e-465f-b8ae-52c58b3c50e0}</UniqueIdentifier>
    </Filter>
    <Filter Include="imgui">
      <UniqueIdentifier>{a16c45c2-20b4-482a-ac96-414788a9bb2b}</UniqueIdentifier>
    </Filter>
    <Filter Include="Engine\Input">
      <UniqueIdentifier>{87c6afe9-a13a-4f0b-ae83-2e2531cdc68a}</UniqueIdentifier>
    </Filter>
    <Filter Include="CustomCommands">
      <UniqueIdentifier>{5a93645c-b76b-4758-84b4-ab302753d323}</UniqueIdentifier>
    </Filter>
  </ItemGroup>
</Project>